
Microsoft Visual Studio Solution File, Format Version 12.00
Project("{FAE04EC0-301F-11D3-BF4B-00C04F79EFBC}") = "Trello.API", "Trello.API\Trello.API.csproj", "{4AB117FA-FF46-44F7-BAB1-DDBF464E38E4}"
EndProject
Global
	GlobalSection(SolutionConfigurationPlatforms) = preSolution
		Debug|Any CPU = Debug|Any CPU
		Release|Any CPU = Release|Any CPU
	EndGlobalSection
	GlobalSection(ProjectConfigurationPlatforms) = postSolution
		{4AB117FA-FF46-44F7-BAB1-DDBF464E38E4}.Debug|Any CPU.ActiveCfg = Debug|Any CPU
		{4AB117FA-FF46-44F7-BAB1-DDBF464E38E4}.Debug|Any CPU.Build.0 = Debug|Any CPU
		{4AB117FA-FF46-44F7-BAB1-DDBF464E38E4}.Release|Any CPU.ActiveCfg = Release|Any CPU
		{4AB117FA-FF46-44F7-BAB1-DDBF464E38E4}.Release|Any CPU.Build.0 = Release|Any CPU
	EndGlobalSection
EndGlobal
